
Microsoft Visual Studio Solution File, Format Version 12.00
# Visual Studio 2013
VisualStudioVersion = 12.0.30501.0
MinimumVisualStudioVersion = 10.0.40219.1
Project("{FAE04EC0-301F-11D3-BF4B-00C04F79EFBC}") = "MyPortfolio", "MyPortfolio\MyPortfolio.csproj", "{16147D79-3CAA-4C62-86C2-1EDA142F3A0D}"
EndProject
Project("{FAE04EC0-301F-11D3-BF4B-00C04F79EFBC}") = "Tests.MyPortfolio", "Tests.MyPortfolio\Tests.MyPortfolio.csproj", "{40756B12-8814-401E-86EC-C105BE94C89E}"
EndProject
Global
	GlobalSection(SolutionConfigurationPlatforms) = preSolution
		Debug|Any CPU = Debug|Any CPU
		Release|Any CPU = Release|Any CPU
	EndGlobalSection
	GlobalSection(ProjectConfigurationPlatforms) = postSolution
		{16147D79-3CAA-4C62-86C2-1EDA142F3A0D}.Debug|Any CPU.ActiveCfg = Debug|Any CPU
		{16147D79-3CAA-4C62-86C2-1EDA142F3A0D}.Debug|Any CPU.Build.0 = Debug|Any CPU
		{16147D79-3CAA-4C62-86C2-1EDA142F3A0D}.Release|Any CPU.ActiveCfg = Release|Any CPU
		{16147D79-3CAA-4C62-86C2-1EDA142F3A0D}.Release|Any CPU.Build.0 = Release|Any CPU
		{40756B12-8814-401E-86EC-C105BE94C89E}.Debug|Any CPU.ActiveCfg = Debug|Any CPU
		{40756B12-8814-401E-86EC-C105BE94C89E}.Debug|Any CPU.Build.0 = Debug|Any CPU
		{40756B12-8814-401E-86EC-C105BE94C89E}.Release|Any CPU.ActiveCfg = Release|Any CPU
		{40756B12-8814-401E-86EC-C105BE94C89E}.Release|Any CPU.Build.0 = Release|Any CPU
	EndGlobalSection
	GlobalSection(SolutionProperties) = preSolution
		HideSolutionNode = FALSE
	EndGlobalSection
EndGlobal
